lockfileVersion: '9.0'

settings:
  autoInstallPeers: true
  excludeLinksFromLockfile: false

importers:

  .:
    dependencies:
      vue:
        specifier: ^3.4.21
        version: 3.5.30(typescript@5.9.3)
    devDependencies:
      '@vitejs/plugin-vue':
        specifier: ^5.0.4
        version: 5.2.4(vite@5.4.21)(vue@3.5.30(typescript@5.9.3))
      gh-pages:
        specifier: ^6.1.1
        version: 6.3.0
      typescript:
        specifier: ^5.4.2
        version: 5.9.3
      vite:
        specifier: ^5.2.0
        version: 5.4.21
      vue-tsc:
        specifier: ^2.0.6
        version: 2.2.12(typescript@5.9.3)

packages:

  '@babel/helper-string-parser@7.27.1':
    resolution: {integrity: sha1-VNp5YJerGc5n7Z+ItHuy7Ek2doc=, tarball: https://registry.npm.wps.cn/@babel/helper-string-parser/download/@babel/helper-string-parser-7.27.1.tgz}
    engines: {node: '>=6.9.0'}

  '@babel/helper-validator-identifier@7.28.5':
    resolution: {integrity: sha1-AQtpOPq3y333SqK7wGqlA7j+X7Q=, tarball: https://registry.npm.wps.cn/@babel/helper-validator-identifier/download/@babel/helper-validator-identifier-7.28.5.tgz}
    engines: {node: '>=6.9.0'}

  '@babel/parser@7.29.0':
    resolution: {integrity: sha1-Zp7zRa3X0FfpK37RXwusB2EYMbY=, tarball: https://registry.npm.wps.cn/@babel/parser/download/@babel/parser-7.29.0.tgz}
    engines: {node: '>=6.0.0'}
    hasBin: true

  '@babel/types@7.29.0':
    resolution: {integrity: sha1-n1seg4xEbnLPPNS5GBUrjGBeN8c=, tarball: https://registry.npm.wps.cn/@babel/types/download/@babel/types-7.29.0.tgz}
    engines: {node: '>=6.9.0'}

  '@esbuild/aix-ppc64@0.21.5':
    resolution: {integrity: sha1-xxhKMmUz/N8bjuBzPiHHE7l1V18=, tarball: https://registry.npm.wps.cn/@esbuild/aix-ppc64/download/@esbuild/aix-ppc64-0.21.5.tgz}
    engines: {node: '>=12'}
    cpu: [ppc64]
    os: [aix]

  '@esbuild/android-arm64@0.21.5':
    resolution: {integrity: sha1-Cdm0NXeA2p6jp9+4M6Hx/0ObQFI=, tarball: https://registry.npm.wps.cn/@esbuild/android-arm64/download/@esbuild/android-arm64-0.21.5.tgz}
    engines: {node: '>=12'}
    cpu: [arm64]
    os: [android]

  '@esbuild/android-arm@0.21.5':
    resolution: {integrity: sha1-mwQ4T7dxkm36bXrQQyTssqubLig=, tarball: https://registry.npm.wps.cn/@esbuild/android-arm/download/@esbuild/android-arm-0.21.5.tgz}
    engines: {node: '>=12'}
    cpu: [arm]
    os: [android]

  '@esbuild/android-x64@0.21.5':
    resolution: {integrity: sha1-KZGOwtt1TO3LbBsE3ozWVHr2Rh4=, tarball: https://registry.npm.wps.cn/@esbuild/android-x64/download/@esbuild/android-x64-0.21.5.tgz}
    engines: {node: '>=12'}
    cpu: [x64]
    os: [android]

  '@esbuild/darwin-arm64@0.21.5':
    resolution: {integrity: sha1-5JW1OWYOUWkPOSivUKdvsKbM/yo=, tarball: https://registry.npm.wps.cn/@esbuild/darwin-arm64/download/@esbuild/darwin-arm64-0.21.5.tgz}
    engines: {node: '>=12'}
    cpu: [arm64]
    os: [darwin]

  '@esbuild/darwin-x64@0.21.5':
    resolution: {integrity: sha1-wTg4+lc3KDmr3dyR1xVCzuouHiI=, tarball: https://registry.npm.wps.cn/@esbuild/darwin-x64/download/@esbuild/darwin-x64-0.21.5.tgz}
    engines: {node: '>=12'}
    cpu: [x64]
    os: [darwin]

  '@esbuild/freebsd-arm64@0.21.5':
    resolution: {integrity: sha1-ZGuYmqIL+J/Qcd1dv61po1QuVQ4=, tarball: https://registry.npm.wps.cn/@esbuild/freebsd-arm64/download/@esbuild/freebsd-arm64-0.21.5.tgz}
    engines: {node: '>=12'}
    cpu: [arm64]
    os: [freebsd]

  '@esbuild/freebsd-x64@0.21.5':
    resolution: {integrity: sha1-qmFc/ICvlU00WJBuOMoiwYz1wmE=, tarball: https://registry.npm.wps.cn/@esbuild/freebsd-x64/download/@esbuild/freebsd-x64-0.21.5.tgz}
    engines: {node: '>=12'}
    cpu: [x64]
    os: [freebsd]

  '@esbuild/linux-arm64@0.21.5':
    resolution: {integrity: sha1-cKxvoU9ct+H3+Ie8/7aArQmSK1s=, tarball: https://registry.npm.wps.cn/@esbuild/linux-arm64/download/@esbuild/linux-arm64-0.21.5.tgz}
    engines: {node: '>=12'}
    cpu: [arm64]
    os: [linux]

  '@esbuild/linux-arm@0.21.5':
    resolution: {integrity: sha1-/G/RGorKVsH284lPK+oEefj2Jrk=, tarball: https://registry.npm.wps.cn/@esbuild/linux-arm/download/@esbuild/linux-arm-0.21.5.tgz}
    engines: {node: '>=12'}
    cpu: [arm]
    os: [linux]

  '@esbuild/linux-ia32@0.21.5':
    resolution: {integrity: sha1-MnH1Oz+T49CT1RjRZJ1taNNG7eI=, tarball: https://registry.npm.wps.cn/@esbuild/linux-ia32/download/@esbuild/linux-ia32-0.21.5.tgz}
    engines: {node: '>=12'}
    cpu: [ia32]
    os: [linux]

  '@esbuild/linux-loong64@0.21.5':
    resolution: {integrity: sha1-7WLgQjjFcCauqDHFoTC3PA+fJt8=, tarball: https://registry.npm.wps.cn/@esbuild/linux-loong64/download/@esbuild/linux-loong64-0.21.5.tgz}
    engines: {node: '>=12'}
    cpu: [loong64]
    os: [linux]

  '@esbuild/linux-mips64el@0.21.5':
    resolution: {integrity: sha1-55uOtIvzsQb63sGsgkD7l7TmTL4=, tarball: https://registry.npm.wps.cn/@esbuild/linux-mips64el/download/@esbuild/linux-mips64el-0.21.5.tgz}
    engines: {node: '>=12'}
    cpu: [mips64el]
    os: [linux]

  '@esbuild/linux-ppc64@0.21.5':
    resolution: {integrity: sha1-XyIDhgoUO5kZ04PvdXNSH7FUw+Q=, tarball: https://registry.npm.wps.cn/@esbuild/linux-ppc64/download/@esbuild/linux-ppc64-0.21.5.tgz}
    engines: {node: '>=12'}
    cpu: [ppc64]
    os: [linux]

  '@esbuild/linux-riscv64@0.21.5':
    resolution: {integrity: sha1-B7yv2ZMi1a9i9hjLnmqbf0u4Jdw=, tarball: https://registry.npm.wps.cn/@esbuild/linux-riscv64/download/@esbuild/linux-riscv64-0.21.5.tgz}
    engines: {node: '>=12'}
    cpu: [riscv64]
    os: [linux]

  '@esbuild/linux-s390x@0.21.5':
    resolution: {integrity: sha1-t8z2hnUdaj5EuGJ6uryL4+9i2N4=, tarball: https://registry.npm.wps.cn/@esbuild/linux-s390x/download/@esbuild/linux-s390x-0.21.5.tgz}
    engines: {node: '>=12'}
    cpu: [s390x]
    os: [linux]

  '@esbuild/linux-x64@0.21.5':
    resolution: {integrity: sha1-bY8Mdo4HDmQwmvgAS7lOaKsrs7A=, tarball: https://registry.npm.wps.cn/@esbuild/linux-x64/download/@esbuild/linux-x64-0.21.5.tgz}
    engines: {node: '>=12'}
    cpu: [x64]
    os: [linux]

  '@esbuild/netbsd-x64@0.21.5':
    resolution: {integrity: sha1-u+Qw9g03jsuI3sshnGAmZzh6YEc=, tarball: https://registry.npm.wps.cn/@esbuild/netbsd-x64/download/@esbuild/netbsd-x64-0.21.5.tgz}
    engines: {node: '>=12'}
    cpu: [x64]
    os: [netbsd]

  '@esbuild/openbsd-x64@0.21.5':
    resolution: {integrity: sha1-mdHPKTcnlWDSEEgh9czOIgyyr3A=, tarball: https://registry.npm.wps.cn/@esbuild/openbsd-x64/download/@esbuild/openbsd-x64-0.21.5.tgz}
    engines: {node: '>=12'}
    cpu: [x64]
    os: [openbsd]

  '@esbuild/sunos-x64@0.21.5':
    resolution: {integrity: sha1-CHQVEsENUpVmurqDe0/gUsjzSHs=, tarball: https://registry.npm.wps.cn/@esbuild/sunos-x64/download/@esbuild/sunos-x64-0.21.5.tgz}
    engines: {node: '>=12'}
    cpu: [x64]
    os: [sunos]

  '@esbuild/win32-arm64@0.21.5':
    resolution: {integrity: sha1-Z1tzhTmEESQHNQFhRKsumaYPx10=, tarball: https://registry.npm.wps.cn/@esbuild/win32-arm64/download/@esbuild/win32-arm64-0.21.5.tgz}
    engines: {node: '>=12'}
    cpu: [arm64]
    os: [win32]

  '@esbuild/win32-ia32@0.21.5':
    resolution: {integrity: sha1-G/w86YqmypoJaeTSr3IUTFnBGTs=, tarball: https://registry.npm.wps.cn/@esbuild/win32-ia32/download/@esbuild/win32-ia32-0.21.5.tgz}
    engines: {node: '>=12'}
    cpu: [ia32]
    os: [win32]

  '@esbuild/win32-x64@0.21.5':
    resolution: {integrity: sha1-rK01HVgtFXuxRVNdsqb/U91RS1w=, tarball: https://registry.npm.wps.cn/@esbuild/win32-x64/download/@esbuild/win32-x64-0.21.5.tgz}
    engines: {node: '>=12'}
    cpu: [x64]
    os: [win32]

  '@jridgewell/sourcemap-codec@1.5.5':
    resolution: {integrity: sha1-aRKwDSxjHA0Vzhp6tXzWV/Ko+Lo=, tarball: https://registry.npm.wps.cn/@jridgewell/sourcemap-codec/download/@jridgewell/sourcemap-codec-1.5.5.tgz}

  '@nodelib/fs.scandir@2.1.5':
    resolution: {integrity: sha1-dhnC6yGyVIP20WdUi0z9WnSIw9U=, tarball: https://registry.npm.wps.cn/@nodelib/fs.scandir/download/@nodelib/fs.scandir-2.1.5.tgz}
    engines: {node: '>= 8'}

  '@nodelib/fs.stat@2.0.5':
    resolution: {integrity: sha1-W9Jir5Tp0lvR5xsF3u1Eh2oiLos=, tarball: https://registry.npm.wps.cn/@nodelib/fs.stat/download/@nodelib/fs.stat-2.0.5.tgz}
    engines: {node: '>= 8'}

  '@nodelib/fs.walk@1.2.8':
    resolution: {integrity: sha1-6Vc36LtnRt3t9pxVaVNJTxlv5po=, tarball: https://registry.npm.wps.cn/@nodelib/fs.walk/download/@nodelib/fs.walk-1.2.8.tgz}
    engines: {node: '>= 8'}

  '@rollup/rollup-android-arm-eabi@4.59.0':
    resolution: {integrity: sha1-pnQsdMfZ1tYE74pI+ZMmtOzaPYI=, tarball: https://registry.npm.wps.cn/@rollup/rollup-android-arm-eabi/download/@rollup/rollup-android-arm-eabi-4.59.0.tgz}
    cpu: [arm]
    os: [android]

  '@rollup/rollup-android-arm64@4.59.0':
    resolution: {integrity: sha1-lyR74JjeTfDBGXEIn9Lt+ApdqM8=, tarball: https://registry.npm.wps.cn/@rollup/rollup-android-arm64/download/@rollup/rollup-android-arm64-4.59.0.tgz}
    cpu: [arm64]
    os: [android]

  '@rollup/rollup-darwin-arm64@4.59.0':
    resolution: {integrity: sha1-Z0hSzxTPEbgFbgsaL06HK1I1ds8=, tarball: https://registry.npm.wps.cn/@rollup/rollup-darwin-arm64/download/@rollup/rollup-darwin-arm64-4.59.0.tgz}
    cpu: [arm64]
    os: [darwin]

  '@rollup/rollup-darwin-x64@4.59.0':
    resolution: {integrity: sha1-Nt/X7QqvTZ2J2e+YOvcmMkVbAkY=, tarball: https://registry.npm.wps.cn/@rollup/rollup-darwin-x64/download/@rollup/rollup-darwin-x64-4.59.0.tgz}
    cpu: [x64]
    os: [darwin]

  '@rollup/rollup-freebsd-arm64@4.59.0':
    resolution: {integrity: sha1-L4fCB0tCICYP21KpmWJG7fxjPCI=, tarball: https://registry.npm.wps.cn/@rollup/rollup-freebsd-arm64/download/@rollup/rollup-freebsd-arm64-4.59.0.tgz}
    cpu: [arm64]
    os: [freebsd]

  '@rollup/rollup-freebsd-x64@4.59.0':
    resolution: {integrity: sha1-m1omUio4qV3AZhbRk51NmnaTeAM=, tarball: https://registry.npm.wps.cn/@rollup/rollup-freebsd-x64/download/@rollup/rollup-freebsd-x64-4.59.0.tgz}
    cpu: [x64]
    os: [freebsd]

  '@rollup/rollup-linux-arm-gnueabihf@4.59.0':
    resolution: {integrity: sha1-hqpIWThahzQjW15ApI5S13B1jDo=, tarball: https://registry.npm.wps.cn/@rollup/rollup-linux-arm-gnueabihf/download/@rollup/rollup-linux-arm-gnueabihf-4.59.0.tgz}
    cpu: [arm]
    os: [linux]
    libc: [glibc]

  '@rollup/rollup-linux-arm-musleabihf@4.59.0':
    resolution: {integrity: sha1-y+cOVubs6NrIPrdztiT8nlpGCXY=, tarball: https://registry.npm.wps.cn/@rollup/rollup-linux-arm-musleabihf/download/@rollup/rollup-linux-arm-musleabihf-4.59.0.tgz}
    cpu: [arm]
    os: [linux]
    libc: [musl]

  '@rollup/rollup-linux-arm64-gnu@4.59.0':
    resolution: {integrity: sha1-0UmSouZTvDJj0oS8ZXm3ookOHEU=, tarball: https://registry.npm.wps.cn/@rollup/rollup-linux-arm64-gnu/download/@rollup/rollup-linux-arm64-gnu-4.59.0.tgz}
    cpu: [arm64]
    os: [linux]
    libc: [glibc]

  '@rollup/rollup-linux-arm64-musl@4.59.0':
    resolution: {integrity: sha1-L90d3ENOqQrqoIUdIER4m00H9to=, tarball: https://registry.npm.wps.cn/@rollup/rollup-linux-arm64-musl/download/@rollup/rollup-linux-arm64-musl-4.59.0.tgz}
    cpu: [arm64]
    os: [linux]
    libc: [musl]

  '@rollup/rollup-linux-loong64-gnu@4.59.0':
    resolution: {integrity: sha1-ihgeb4n5afIWZqdDzUEUFsgAmec=, tarball: https://registry.npm.wps.cn/@rollup/rollup-linux-loong64-gnu/download/@rollup/rollup-linux-loong64-gnu-4.59.0.tgz}
    cpu: [loong64]
    os: [linux]
    libc: [glibc]

  '@rollup/rollup-linux-loong64-musl@4.59.0':
    resolution: {integrity: sha1-kEElryurw5X4Bh2qJ7WvH04/L3g=, tarball: https://registry.npm.wps.cn/@rollup/rollup-linux-loong64-musl/download/@rollup/rollup-linux-loong64-musl-4.59.0.tgz}
    cpu: [loong64]
    os: [linux]
    libc: [musl]

  '@rollup/rollup-linux-ppc64-gnu@4.59.0':
    resolution: {integrity: sha1-pXlwrGhkyaNEdBGmWCJL3PlIviI=, tarball: https://registry.npm.wps.cn/@rollup/rollup-linux-ppc64-gnu/download/@rollup/rollup-linux-ppc64-gnu-4.59.0.tgz}
    cpu: [ppc64]
    os: [linux]
    libc: [glibc]

  '@rollup/rollup-linux-ppc64-musl@4.59.0':
    resolution: {integrity: sha1-u4TeWyaHBWekJnZm4IiR6Au1amM=, tarball: https://registry.npm.wps.cn/@rollup/rollup-linux-ppc64-musl/download/@rollup/rollup-linux-ppc64-musl-4.59.0.tgz}
    cpu: [ppc64]
    os: [linux]
    libc: [musl]

  '@rollup/rollup-linux-riscv64-gnu@4.59.0':
    resolution: {integrity: sha1-ctANLH+zdc41ZOdZ2zPxejW/+rk=, tarball: https://registry.npm.wps.cn/@rollup/rollup-linux-riscv64-gnu/download/@rollup/rollup-linux-riscv64-gnu-4.59.0.tgz}
    cpu: [riscv64]
    os: [linux]
    libc: [glibc]

  '@rollup/rollup-linux-riscv64-musl@4.59.0':
    resolution: {integrity: sha1-TBZu9Y5xj5JFvTGHM4S6FaXBqIM=, tarball: https://registry.npm.wps.cn/@rollup/rollup-linux-riscv64-musl/download/@rollup/rollup-linux-riscv64-musl-4.59.0.tgz}
    cpu: [riscv64]
    os: [linux]
    libc: [musl]

  '@rollup/rollup-linux-s390x-gnu@4.59.0':
    resolution: {integrity: sha1-u1AlzemmHbR4wspyFYCK07znOgk=, tarball: https://registry.npm.wps.cn/@rollup/rollup-linux-s390x-gnu/download/@rollup/rollup-linux-s390x-gnu-4.59.0.tgz}
    cpu: [s390x]
    os: [linux]
    libc: [glibc]

  '@rollup/rollup-linux-x64-gnu@4.59.0':
    resolution: {integrity: sha1-m2ax+c2VxmJMeI8CHHViaf/tFVI=, tarball: https://registry.npm.wps.cn/@rollup/rollup-linux-x64-gnu/download/@rollup/rollup-linux-x64-gnu-4.59.0.tgz}
    cpu: [x64]
    os: [linux]
    libc: [glibc]

  '@rollup/rollup-linux-x64-musl@4.59.0':
    resolution: {integrity: sha1-sAfKJV3HFmAX1X19JFGWPwvSP9k=, tarball: https://registry.npm.wps.cn/@rollup/rollup-linux-x64-musl/download/@rollup/rollup-linux-x64-musl-4.59.0.tgz}
    cpu: [x64]
    os: [linux]
    libc: [musl]

  '@rollup/rollup-openbsd-x64@4.59.0':
    resolution: {integrity: sha1-6LNXstGqLI12qY9fDYieq+k/Tvk=, tarball: https://registry.npm.wps.cn/@rollup/rollup-openbsd-x64/download/@rollup/rollup-openbsd-x64-4.59.0.tgz}
    cpu: [x64]
    os: [openbsd]

  '@rollup/rollup-openharmony-arm64@4.59.0':
    resolution: {integrity: sha1-lsLj9KrNPZIZgTKYMf+N3kkiBNw=, tarball: https://registry.npm.wps.cn/@rollup/rollup-openharmony-arm64/download/@rollup/rollup-openharmony-arm64-4.59.0.tgz}
    cpu: [arm64]
    os: [openharmony]

  '@rollup/rollup-win32-arm64-msvc@4.59.0':
    resolution: {integrity: sha1-LYZRSdcG2Tjfi0uPEX5pp3ZG1YE=, tarball: https://registry.npm.wps.cn/@rollup/rollup-win32-arm64-msvc/download/@rollup/rollup-win32-arm64-msvc-4.59.0.tgz}
    cpu: [arm64]
    os: [win32]

  '@rollup/rollup-win32-ia32-msvc@4.59.0':
    resolution: {integrity: sha1-q+FZO+D6kjJemXHI2kKcXgW5LDY=, tarball: https://registry.npm.wps.cn/@rollup/rollup-win32-ia32-msvc/download/@rollup/rollup-win32-ia32-msvc-4.59.0.tgz}
    cpu: [ia32]
    os: [win32]

  '@rollup/rollup-win32-x64-gnu@4.59.0':
    resolution: {integrity: sha1-xK8+lRjJpc1LHBY9yB0K1Ngufqs=, tarball: https://registry.npm.wps.cn/@rollup/rollup-win32-x64-gnu/download/@rollup/rollup-win32-x64-gnu-4.59.0.tgz}
    cpu: [x64]
    os: [win32]

  '@rollup/rollup-win32-x64-msvc@4.59.0':
    resolution: {integrity: sha1-RYSoqHspGIpMH+mHqfz3AeJW2Gw=, tarball: https://registry.npm.wps.cn/@rollup/rollup-win32-x64-msvc/download/@rollup/rollup-win32-x64-msvc-4.59.0.tgz}
    cpu: [x64]
    os: [win32]

  '@types/estree@1.0.8':
    resolution: {integrity: sha1-lYuRyZGxhnztMYvt6g4hXuBQcm4=, tarball: https://registry.npm.wps.cn/@types/estree/download/@types/estree-1.0.8.tgz}

  '@vitejs/plugin-vue@5.2.4':
    resolution: {integrity: sha1-nopRLrF0v8KjM7qVm7+d5CjYmtg=, tarball: https://registry.npm.wps.cn/@vitejs/plugin-vue/download/@vitejs/plugin-vue-5.2.4.tgz}
    engines: {node: ^18.0.0 || >=20.0.0}
    peerDependencies:
      vite: ^5.0.0 || ^6.0.0
      vue: ^3.2.25

  '@volar/language-core@2.4.15':
    resolution: {integrity: sha1-dZ0Ey06rmSBWC4vPpFFdWwiht84=, tarball: https://registry.npm.wps.cn/@volar/language-core/download/@volar/language-core-2.4.15.tgz}

  '@volar/source-map@2.4.15':
    resolution: {integrity: sha1-GKugmZTAJo5ZpBj51zjkqFMCeB0=, tarball: https://registry.npm.wps.cn/@volar/source-map/download/@volar/source-map-2.4.15.tgz}

  '@volar/typescript@2.4.15':
    resolution: {integrity: sha1-FEXSP45Pmtghtr+ljPSiuYDcX5c=, tarball: https://registry.npm.wps.cn/@volar/typescript/download/@volar/typescript-2.4.15.tgz}

  '@vue/compiler-core@3.5.30':
    resolution: {integrity: sha1-D5hNqSB/JPnd+3AAUqQyR6lT/Zo=, tarball: https://registry.npm.wps.cn/@vue/compiler-core/download/@vue/compiler-core-3.5.30.tgz}

  '@vue/compiler-dom@3.5.30':
    resolution: {integrity: sha1-o4291SBHkkTItnMSO0vQaoLnM+4=, tarball: https://registry.npm.wps.cn/@vue/compiler-dom/download/@vue/compiler-dom-3.5.30.tgz}

  '@vue/compiler-sfc@3.5.30':
    resolution: {integrity: sha1-XHFthE8kAVQmPpmyX7puGALAyMY=, tarball: https://registry.npm.wps.cn/@vue/compiler-sfc/download/@vue/compiler-sfc-3.5.30.tgz}

  '@vue/compiler-ssr@3.5.30':
    resolution: {integrity: sha1-6bQH1+Vr4eMHp2IfLo0lASZ/8dA=, tarball: https://registry.npm.wps.cn/@vue/compiler-ssr/download/@vue/compiler-ssr-3.5.30.tgz}

  '@vue/compiler-vue2@2.7.16':
    resolution: {integrity: sha1-K6g3y9PxszwryGX74aO1P7YR4kk=, tarball: https://registry.npm.wps.cn/@vue/compiler-vue2/download/@vue/compiler-vue2-2.7.16.tgz}

  '@vue/language-core@2.2.12':
    resolution: {integrity: sha1-0B9+hl9ZP5aMtlwSoT2DN+ZWQfA=, tarball: https://registry.npm.wps.cn/@vue/language-core/download/@vue/language-core-2.2.12.tgz}
    peerDependencies:
      typescript: '*'
    peerDependenciesMeta:
      typescript:
        optional: true

  '@vue/reactivity@3.5.30':
    resolution: {integrity: sha1-H/E/fVcLFrTwCfAHdyx7cb4d0J0=, tarball: https://registry.npm.wps.cn/@vue/reactivity/download/@vue/reactivity-3.5.30.tgz}

  '@vue/runtime-core@3.5.30':
    resolution: {integrity: sha1-q+RIsl6I9YOxhHMjovGfXkohg30=, tarball: https://registry.npm.wps.cn/@vue/runtime-core/download/@vue/runtime-core-3.5.30.tgz}

  '@vue/runtime-dom@3.5.30':
    resolution: {integrity: sha1-QdG2Qkt1QwD3NcLssadFe0El2rM=, tarball: https://registry.npm.wps.cn/@vue/runtime-dom/download/@vue/runtime-dom-3.5.30.tgz}

  '@vue/server-renderer@3.5.30':
    resolution: {integrity: sha1-EWUVBj1gnTzsoRcPOwkSLyTxh7U=, tarball: https://registry.npm.wps.cn/@vue/server-renderer/download/@vue/server-renderer-3.5.30.tgz}
    peerDependencies:
      vue: 3.5.30

  '@vue/shared@3.5.30':
    resolution: {integrity: sha1-XXoNPKFRZHSEMD/Z8Ffi4T7LgO8=, tarball: https://registry.npm.wps.cn/@vue/shared/download/@vue/shared-3.5.30.tgz}

  alien-signals@1.0.13:
    resolution: {integrity: sha1-jW23NGL3Qu5riWcfvYw30LFyen4=, tarball: https://registry.npm.wps.cn/alien-signals/download/alien-signals-1.0.13.tgz}

  array-union@2.1.0:
    resolution: {integrity: sha1-t5hCCtvrHego2ErNii4j0+/oXo0=, tarball: https://registry.npm.wps.cn/array-union/download/array-union-2.1.0.tgz}
    engines: {node: '>=8'}

  async@3.2.6:
    resolution: {integrity: sha1-Gwco4Ukp1RuFtEm38G4nwRReOM4=, tarball: https://registry.npm.wps.cn/async/download/async-3.2.6.tgz}

  balanced-match@1.0.2:
    resolution: {integrity: sha1-6D46fj8wCzTLnYf2FfoMvzV2kO4=, tarball: https://registry.npm.wps.cn/balanced-match/download/balanced-match-1.0.2.tgz}

  brace-expansion@2.0.2:
    resolution: {integrity: sha1-VPxTI3phPYVMe9N0Y6rRffhyFOc=, tarball: https://registry.npm.wps.cn/brace-expansion/download/brace-expansion-2.0.2.tgz}

  braces@3.0.3:
    resolution: {integrity: sha1-SQMy9AkZRSJy1VqEgK3AxEE1h4k=, tarball: https://registry.npm.wps.cn/braces/download/braces-3.0.3.tgz}
    engines: {node: '>=8'}

  commander@13.1.0:
    resolution: {integrity: sha1-d2Fn22jHjzjczh+bjXuLmkiKv0Y=, tarball: https://registry.npm.wps.cn/commander/download/commander-13.1.0.tgz}
    engines: {node: '>=18'}

  commondir@1.0.1:
    resolution: {integrity: sha1-3dgA2gxmEnOTzKWVDqloo6rxJTs=, tarball: https://registry.npm.wps.cn/commondir/download/commondir-1.0.1.tgz}

  csstype@3.2.3:
    resolution: {integrity: sha1-7EjA8+mT5QZIyG2lWeJhCZXPmJo=, tarball: https://registry.npm.wps.cn/csstype/download/csstype-3.2.3.tgz}

  de-indent@1.0.2:
    resolution: {integrity: sha1-sgOOhG3DO6pXlhKNCAS0VbjB4h0=, tarball: https://registry.npm.wps.cn/de-indent/download/de-indent-1.0.2.tgz}

  dir-glob@3.0.1:
    resolution: {integrity: sha1-Vtv3PZkqSpO6FYT0U0Bj/S5BcX8=, tarball: https://registry.npm.wps.cn/dir-glob/download/dir-glob-3.0.1.tgz}
    engines: {node: '>=8'}

  email-addresses@5.0.0:
    resolution: {integrity: sha1-eunn9Y7vfV4+LCwtPqSbeNyFT6Y=, tarball: https://registry.npm.wps.cn/email-addresses/download/email-addresses-5.0.0.tgz}

  entities@7.0.1:
    resolution: {integrity: sha1-JuioiInbY0F9y5oeeaPxvJK1l2s=, tarball: https://registry.npm.wps.cn/entities/download/entities-7.0.1.tgz}
    engines: {node: '>=0.12'}

  esbuild@0.21.5:
    resolution: {integrity: sha1-nKMBsSCSKVm3ZjYNisgw2g0CmX0=, tarball: https://registry.npm.wps.cn/esbuild/download/esbuild-0.21.5.tgz}
    engines: {node: '>=12'}
    hasBin: true

  escape-string-regexp@1.0.5:
    resolution: {integrity: sha1-G2HAViGQqN/2rjuyzwIAyhMLhtQ=, tarball: https://registry.npm.wps.cn/escape-string-regexp/download/escape-string-regexp-1.0.5.tgz}
    engines: {node: '>=0.8.0'}

  estree-walker@2.0.2:
    resolution: {integrity: sha1-UvAQF4wqTBF6d1fP6UKtt9LaTKw=, tarball: https://registry.npm.wps.cn/estree-walker/download/estree-walker-2.0.2.tgz}

  fast-glob@3.3.3:
    resolution: {integrity: sha1-0G1YXOjbqQoWsFBcVDw8z7OuuBg=, tarball: https://registry.npm.wps.cn/fast-glob/download/fast-glob-3.3.3.tgz}
    engines: {node: '>=8.6.0'}

  fastq@1.20.1:
    resolution: {integrity: sha1-ynUKENySW8ixiDn9ID4+9LPO1nU=, tarball: https://registry.npm.wps.cn/fastq/download/fastq-1.20.1.tgz}

  filename-reserved-regex@2.0.0:
    resolution: {integrity: sha1-q/c9+rc10EVECr/qLZHzieu/oik=, tarball: https://registry.npm.wps.cn/filename-reserved-regex/download/filename-reserved-regex-2.0.0.tgz}
    engines: {node: '>=4'}

  filenamify@4.3.0:
    resolution: {integrity: sha1-YjkctY8CsJlxydT51js8+augMQY=, tarball: https://registry.npm.wps.cn/filenamify/download/filenamify-4.3.0.tgz}
    engines: {node: '>=8'}

  fill-range@7.1.1:
    resolution: {integrity: sha1-RCZdPKwH4+p9wkdRY4BkN1SgUpI=, tarball: https://registry.npm.wps.cn/fill-range/download/fill-range-7.1.1.tgz}
    engines: {node: '>=8'}

  find-cache-dir@3.3.2:
    resolution: {integrity: sha1-swxbbv8HMHMa6pu9nb7L2AJW1ks=, tarball: https://registry.npm.wps.cn/find-cache-dir/download/find-cache-dir-3.3.2.tgz}
    engines: {node: '>=8'}

  find-up@4.1.0:
    resolution: {integrity: sha1-l6/n1s3AvFkoWEt8jXsW6KmqXRk=, tarball: https://registry.npm.wps.cn/find-up/download/find-up-4.1.0.tgz}
    engines: {node: '>=8'}

  fs-extra@11.3.4:
    resolution: {integrity: sha1-q2k07Ki89vf2uCdC4zWR+GMB1vw=, tarball: https://registry.npm.wps.cn/fs-extra/download/fs-extra-11.3.4.tgz}
    engines: {node: '>=14.14'}

  fsevents@2.3.3:
    resolution: {integrity: sha1-ysZAd4XQNnWipeGlMFxpezR9kNY=, tarball: https://registry.npm.wps.cn/fsevents/download/fsevents-2.3.3.tgz}
    engines: {node: ^8.16.0 || ^10.6.0 || >=11.0.0}
    os: [darwin]

  gh-pages@6.3.0:
    resolution: {integrity: sha1-pblHbdQ4XOr4XGRnsuBTlwk+dhM=, tarball: https://registry.npm.wps.cn/gh-pages/download/gh-pages-6.3.0.tgz}
    engines: {node: '>=10'}
    hasBin: true

  glob-parent@5.1.2:
    resolution: {integrity: sha1-hpgyxYA0/mikCTwX3BXoNA2EAcQ=, tarball: https://registry.npm.wps.cn/glob-parent/download/glob-parent-5.1.2.tgz}
    engines: {node: '>= 6'}

  globby@11.1.0:
    resolution: {integrity: sha1-vUvpi7BC+D15b344EZkfvoKg00s=, tarball: https://registry.npm.wps.cn/globby/download/globby-11.1.0.tgz}
    engines: {node: '>=10'}

  graceful-fs@4.2.11:
    resolution: {integrity: sha1-QYPk6L8Iu24Fu7L30uDI9xLKQOM=, tarball: https://registry.npm.wps.cn/graceful-fs/download/graceful-fs-4.2.11.tgz}

  he@1.2.0:
    resolution: {integrity: sha1-hK5l+n6vsWX922FWauFLrwVmTw8=, tarball: https://registry.npm.wps.cn/he/download/he-1.2.0.tgz}
    hasBin: true

  ignore@5.3.2:
    resolution: {integrity: sha1-PNQOcp82Q/2HywTlC/DrcivFlvU=, tarball: https://registry.npm.wps.cn/ignore/download/ignore-5.3.2.tgz}
    engines: {node: '>= 4'}

  is-extglob@2.1.1:
    resolution: {integrity: sha1-qIwCU1eR8C7TfHahueqXc8gz+MI=, tarball: https://registry.npm.wps.cn/is-extglob/download/is-extglob-2.1.1.tgz}
    engines: {node: '>=0.10.0'}

  is-glob@4.0.3:
    resolution: {integrity: sha1-ZPYeQsu7LuwgcanawLKLoeZdUIQ=, tarball: https://registry.npm.wps.cn/is-glob/download/is-glob-4.0.3.tgz}
    engines: {node: '>=0.10.0'}

  is-number@7.0.0:
    resolution: {integrity: sha1-dTU0W4lnNNX4DE0GxQlVUnoU8Ss=, tarball: https://registry.npm.wps.cn/is-number/download/is-number-7.0.0.tgz}
    engines: {node: '>=0.12.0'}

  jsonfile@6.2.0:
    resolution: {integrity: sha1-fCZb0bZd5pd0eDAAh8mfHIQ4P2I=, tarball: https://registry.npm.wps.cn/jsonfile/download/jsonfile-6.2.0.tgz}

  locate-path@5.0.0:
    resolution: {integrity: sha1-Gvujlq/WdqbUJQTQpno6frn2KqA=, tarball: https://registry.npm.wps.cn/locate-path/download/locate-path-5.0.0.tgz}
    engines: {node: '>=8'}

  magic-string@0.30.21:
    resolution: {integrity: sha1-VnY+wJoPqAkd8nh5/ZTRkHjADZE=, tarball: https://registry.npm.wps.cn/magic-string/download/magic-string-0.30.21.tgz}

  make-dir@3.1.0:
    resolution: {integrity: sha1-QV6WcEazp/HRhSd9hKpYIDcmoT8=, tarball: https://registry.npm.wps.cn/make-dir/download/make-dir-3.1.0.tgz}
    engines: {node: '>=8'}

  merge2@1.4.1:
    resolution: {integrity: sha1-Q2iJL4hekHRVpv19xVwMnUBJkK4=, tarball: https://registry.npm.wps.cn/merge2/download/merge2-1.4.1.tgz}
    engines: {node: '>= 8'}

  micromatch@4.0.8:
    resolution: {integrity: sha1-1m+hjzpHB2eJMgubGvMr2G2fogI=, tarball: https://registry.npm.wps.cn/micromatch/download/micromatch-4.0.8.tgz}
    engines: {node: '>=8.6'}

  minimatch@9.0.9:
    resolution: {integrity: sha1-mwy5/LeAh/b9fqur4lEcTT1gV04=, tarball: https://registry.npm.wps.cn/minimatch/download/minimatch-9.0.9.tgz}
    engines: {node: '>=16 || 14 >=14.17'}

  muggle-string@0.4.1:
    resolution: {integrity: sha1-OzZr1Dsy+AncIGWVNN0w58ig0yg=, tarball: https://registry.npm.wps.cn/muggle-string/download/muggle-string-0.4.1.tgz}

  nanoid@3.3.11:
    resolution: {integrity: sha1-T08RLO++MDIC8hmYOBKJNiZtGFs=, tarball: https://registry.npm.wps.cn/nanoid/download/nanoid-3.3.11.tgz}
    engines: {node: ^10 || ^12 || ^13.7 || ^14 || >=15.0.1}
    hasBin: true

  p-limit@2.3.0:
    resolution: {integrity: sha1-PdM8ZHohT9//2DWTPrCG2g3CHbE=, tarball: https://registry.npm.wps.cn/p-limit/download/p-limit-2.3.0.tgz}
    engines: {node: '>=6'}

  p-locate@4.1.0:
    resolution: {integrity: sha1-o0KLtwiLOmApL2aRkni3wpetTwc=, tarball: https://registry.npm.wps.cn/p-locate/download/p-locate-4.1.0.tgz}
    engines: {node: '>=8'}

  p-try@2.2.0:
    resolution: {integrity: sha1-yyhoVA4xPWHeWPr741zpAE1VQOY=, tarball: https://registry.npm.wps.cn/p-try/download/p-try-2.2.0.tgz}
    engines: {node: '>=6'}

  path-browserify@1.0.1:
    resolution: {integrity: sha1-2YRUqcN1PVeQhg8W9ohnueRr4f0=, tarball: https://registry.npm.wps.cn/path-browserify/download/path-browserify-1.0.1.tgz}

  path-exists@4.0.0:
    resolution: {integrity: sha1-UTvb4tO5XXdi6METfvoZXGxhtbM=, tarball: https://registry.npm.wps.cn/path-exists/download/path-exists-4.0.0.tgz}
    engines: {node: '>=8'}

  path-type@4.0.0:
    resolution: {integrity: sha1-hO0BwKe6OAr+CdkKjBgNzZ0DBDs=, tarball: https://registry.npm.wps.cn/path-type/download/path-type-4.0.0.tgz}
    engines: {node: '>=8'}

  picocolors@1.1.1:
    resolution: {integrity: sha1-PTIa8+q5ObCDyPkpodEs2oHCa2s=, tarball: https://registry.npm.wps.cn/picocolors/download/picocolors-1.1.1.tgz}

  picomatch@2.3.1:
    resolution: {integrity: sha1-O6ODNzNkbZ0+SZWUbBNlpn+wekI=, tarball: https://registry.npm.wps.cn/picomatch/download/picomatch-2.3.1.tgz}
    engines: {node: '>=8.6'}

  pkg-dir@4.2.0:
    resolution: {integrity: sha1-8JkTPfft5CLoHR2ESCcO6z5CYfM=, tarball: https://registry.npm.wps.cn/pkg-dir/download/pkg-dir-4.2.0.tgz}
    engines: {node: '>=8'}

  postcss@8.5.8:
    resolution: {integrity: sha1-YjDsyPsC56D2mC5TmQk3hX4T85k=, tarball: https://registry.npm.wps.cn/postcss/download/postcss-8.5.8.tgz}
    engines: {node: ^10 || ^12 || >=14}

  queue-microtask@1.2.3:
    resolution: {integrity: sha1-SSkii7xyTfrEPg77BYyve2z7YkM=, tarball: https://registry.npm.wps.cn/queue-microtask/download/queue-microtask-1.2.3.tgz}

  reusify@1.1.0:
    resolution: {integrity: sha1-D+E7lSLhRz9RtVjueW4I8R+bSJ8=, tarball: https://registry.npm.wps.cn/reusify/download/reusify-1.1.0.tgz}
    engines: {iojs: '>=1.0.0', node: '>=0.10.0'}

  rollup@4.59.0:
    resolution: {integrity: sha1-z3TtrBfBSG9WLXKKTZI6aUq98G8=, tarball: https://registry.npm.wps.cn/rollup/download/rollup-4.59.0.tgz}
    engines: {node: '>=18.0.0', npm: '>=8.0.0'}
    hasBin: true

  run-parallel@1.2.0:
    resolution: {integrity: sha1-ZtE2jae9+SHrnZW9GpIp5/IaQ+4=, tarball: https://registry.npm.wps.cn/run-parallel/download/run-parallel-1.2.0.tgz}

  semver@6.3.1:
    resolution: {integrity: sha1-VW0u+GiRRuRtzqS/3QlfNDTf/LQ=, tarball: https://registry.npm.wps.cn/semver/download/semver-6.3.1.tgz}
    hasBin: true

  slash@3.0.0:
    resolution: {integrity: sha1-ZTm+hwwWWtvVJAIg2+Nh8bxNRjQ=, tarball: https://registry.npm.wps.cn/slash/download/slash-3.0.0.tgz}
    engines: {node: '>=8'}

  source-map-js@1.2.1:
    resolution: {integrity: sha1-HOVlD93YerwJnto33P8CTCZnrkY=, tarball: https://registry.npm.wps.cn/source-map-js/download/source-map-js-1.2.1.tgz}
    engines: {node: '>=0.10.0'}

  strip-outer@1.0.1:
    resolution: {integrity: sha1-sv0qv2YEudHmATBXGV34Nrip1jE=, tarball: https://registry.npm.wps.cn/strip-outer/download/strip-outer-1.0.1.tgz}
    engines: {node: '>=0.10.0'}

  to-regex-range@5.0.1:
    resolution: {integrity: sha1-FkjESq58jZiKMmAY7XL1tN0DkuQ=, tarball: https://registry.npm.wps.cn/to-regex-range/download/to-regex-range-5.0.1.tgz}
    engines: {node: '>=8.0'}

  trim-repeated@1.0.0:
    resolution: {integrity: sha1-42RqLqTokTEr9+rObPsFOAvAHCE=, tarball: https://registry.npm.wps.cn/trim-repeated/download/trim-repeated-1.0.0.tgz}
    engines: {node: '>=0.10.0'}

  typescript@5.9.3:
    resolution: {integrity: sha1-W09Z4VMQqxeiFvXWz1PuR27eZw8=, tarball: https://registry.npm.wps.cn/typescript/download/typescript-5.9.3.tgz}
    engines: {node: '>=14.17'}
    hasBin: true

  universalify@2.0.1:
    resolution: {integrity: sha1-Fo78IYCWTmOG0GHglN9hr+I5sY0=, tarball: https://registry.npm.wps.cn/universalify/download/universalify-2.0.1.tgz}
    engines: {node: '>= 10.0.0'}

  vite@5.4.21:
    resolution: {integrity: sha1-hKT3xdhgsHFnbTm6UTwNWY/ccCc=, tarball: https://registry.npm.wps.cn/vite/download/vite-5.4.21.tgz}
    engines: {node: ^18.0.0 || >=20.0.0}
    hasBin: true
    peerDependencies:
      '@types/node': ^18.0.0 || >=20.0.0
      less: '*'
      lightningcss: ^1.21.0
      sass: '*'
      sass-embedded: '*'
      stylus: '*'
      sugarss: '*'
      terser: ^5.4.0
    peerDependenciesMeta:
      '@types/node':
        optional: true
      less:
        optional: true
      lightningcss:
        optional: true
      sass:
        optional: true
      sass-embedded:
        optional: true
      stylus:
        optional: true
      sugarss:
        optional: true
      terser:
        optional: true

  vscode-uri@3.1.0:
    resolution: {integrity: sha1-3QnsWmaji1w//8d0AVcTSW0U4Jw=, tarball: https://registry.npm.wps.cn/vscode-uri/download/vscode-uri-3.1.0.tgz}

  vue-tsc@2.2.12:
    resolution: {integrity: sha1-X3GbCO9zkKdjwaIBacpcnQnVVog=, tarball: https://registry.npm.wps.cn/vue-tsc/download/vue-tsc-2.2.12.tgz}
    hasBin: true
    peerDependencies:
      typescript: '>=5.0.0'

  vue@3.5.30:
    resolution: {integrity: sha1-Zt8l6Xla8+VSKzbyTz0pD96D+KA=, tarball: https://registry.npm.wps.cn/vue/download/vue-3.5.30.tgz}
    peerDependencies:
      typescript: '*'
    peerDependenciesMeta:
      typescript:
        optional: true

snapshots:

  '@babel/helper-string-parser@7.27.1': {}

  '@babel/helper-validator-identifier@7.28.5': {}

  '@babel/parser@7.29.0':
    dependencies:
      '@babel/types': 7.29.0

  '@babel/types@7.29.0':
    dependencies:
      '@babel/helper-string-parser': 7.27.1
      '@babel/helper-validator-identifier': 7.28.5

  '@esbuild/aix-ppc64@0.21.5':
    optional: true

  '@esbuild/android-arm64@0.21.5':
    optional: true

  '@esbuild/android-arm@0.21.5':
    optional: true

  '@esbuild/android-x64@0.21.5':
    optional: true

  '@esbuild/darwin-arm64@0.21.5':
    optional: true

  '@esbuild/darwin-x64@0.21.5':
    optional: true

  '@esbuild/freebsd-arm64@0.21.5':
    optional: true

  '@esbuild/freebsd-x64@0.21.5':
    optional: true

  '@esbuild/linux-arm64@0.21.5':
    optional: true

  '@esbuild/linux-arm@0.21.5':
    optional: true

  '@esbuild/linux-ia32@0.21.5':
    optional: true

  '@esbuild/linux-loong64@0.21.5':
    optional: true

  '@esbuild/linux-mips64el@0.21.5':
    optional: true

  '@esbuild/linux-ppc64@0.21.5':
    optional: true

  '@esbuild/linux-riscv64@0.21.5':
    optional: true

  '@esbuild/linux-s390x@0.21.5':
    optional: true

  '@esbuild/linux-x64@0.21.5':
    optional: true

  '@esbuild/netbsd-x64@0.21.5':
    optional: true

  '@esbuild/openbsd-x64@0.21.5':
    optional: true

  '@esbuild/sunos-x64@0.21.5':
    optional: true

  '@esbuild/win32-arm64@0.21.5':
    optional: true

  '@esbuild/win32-ia32@0.21.5':
    optional: true

  '@esbuild/win32-x64@0.21.5':
    optional: true

  '@jridgewell/sourcemap-codec@1.5.5': {}

  '@nodelib/fs.scandir@2.1.5':
    dependencies:
      '@nodelib/fs.stat': 2.0.5
      run-parallel: 1.2.0

  '@nodelib/fs.stat@2.0.5': {}

  '@nodelib/fs.walk@1.2.8':
    dependencies:
      '@nodelib/fs.scandir': 2.1.5
      fastq: 1.20.1

  '@rollup/rollup-android-arm-eabi@4.59.0':
    optional: true

  '@rollup/rollup-android-arm64@4.59.0':
    optional: true

  '@rollup/rollup-darwin-arm64@4.59.0':
    optional: true

  '@rollup/rollup-darwin-x64@4.59.0':
    optional: true

  '@rollup/rollup-freebsd-arm64@4.59.0':
    optional: true

  '@rollup/rollup-freebsd-x64@4.59.0':
    optional: true

  '@rollup/rollup-linux-arm-gnueabihf@4.59.0':
    optional: true

  '@rollup/rollup-linux-arm-musleabihf@4.59.0':
    optional: true

  '@rollup/rollup-linux-arm64-gnu@4.59.0':
    optional: true

  '@rollup/rollup-linux-arm64-musl@4.59.0':
    optional: true

  '@rollup/rollup-linux-loong64-gnu@4.59.0':
    optional: true

  '@rollup/rollup-linux-loong64-musl@4.59.0':
    optional: true

  '@rollup/rollup-linux-ppc64-gnu@4.59.0':
    optional: true

  '@rollup/rollup-linux-ppc64-musl@4.59.0':
    optional: true

  '@rollup/rollup-linux-riscv64-gnu@4.59.0':
    optional: true

  '@rollup/rollup-linux-riscv64-musl@4.59.0':
    optional: true

  '@rollup/rollup-linux-s390x-gnu@4.59.0':
    optional: true

  '@rollup/rollup-linux-x64-gnu@4.59.0':
    optional: true

  '@rollup/rollup-linux-x64-musl@4.59.0':
    optional: true

  '@rollup/rollup-openbsd-x64@4.59.0':
    optional: true

  '@rollup/rollup-openharmony-arm64@4.59.0':
    optional: true

  '@rollup/rollup-win32-arm64-msvc@4.59.0':
    optional: true

  '@rollup/rollup-win32-ia32-msvc@4.59.0':
    optional: true

  '@rollup/rollup-win32-x64-gnu@4.59.0':
    optional: true

  '@rollup/rollup-win32-x64-msvc@4.59.0':
    optional: true

  '@types/estree@1.0.8': {}

  '@vitejs/plugin-vue@5.2.4(vite@5.4.21)(vue@3.5.30(typescript@5.9.3))':
    dependencies:
      vite: 5.4.21
      vue: 3.5.30(typescript@5.9.3)

  '@volar/language-core@2.4.15':
    dependencies:
      '@volar/source-map': 2.4.15

  '@volar/source-map@2.4.15': {}

  '@volar/typescript@2.4.15':
    dependencies:
      '@volar/language-core': 2.4.15
      path-browserify: 1.0.1
      vscode-uri: 3.1.0

  '@vue/compiler-core@3.5.30':
    dependencies:
      '@babel/parser': 7.29.0
      '@vue/shared': 3.5.30
      entities: 7.0.1
      estree-walker: 2.0.2
      source-map-js: 1.2.1

  '@vue/compiler-dom@3.5.30':
    dependencies:
      '@vue/compiler-core': 3.5.30
      '@vue/shared': 3.5.30

  '@vue/compiler-sfc@3.5.30':
    dependencies:
      '@babel/parser': 7.29.0
      '@vue/compiler-core': 3.5.30
      '@vue/compiler-dom': 3.5.30
      '@vue/compiler-ssr': 3.5.30
      '@vue/shared': 3.5.30
      estree-walker: 2.0.2
      magic-string: 0.30.21
      postcss: 8.5.8
      source-map-js: 1.2.1

  '@vue/compiler-ssr@3.5.30':
    dependencies:
      '@vue/compiler-dom': 3.5.30
      '@vue/shared': 3.5.30

  '@vue/compiler-vue2@2.7.16':
    dependencies:
      de-indent: 1.0.2
      he: 1.2.0

  '@vue/language-core@2.2.12(typescript@5.9.3)':
    dependencies:
      '@volar/language-core': 2.4.15
      '@vue/compiler-dom': 3.5.30
      '@vue/compiler-vue2': 2.7.16
      '@vue/shared': 3.5.30
      alien-signals: 1.0.13
      minimatch: 9.0.9
      muggle-string: 0.4.1
      path-browserify: 1.0.1
    optionalDependencies:
      typescript: 5.9.3

  '@vue/reactivity@3.5.30':
    dependencies:
      '@vue/shared': 3.5.30

  '@vue/runtime-core@3.5.30':
    dependencies:
      '@vue/reactivity': 3.5.30
      '@vue/shared': 3.5.30

  '@vue/runtime-dom@3.5.30':
    dependencies:
      '@vue/reactivity': 3.5.30
      '@vue/runtime-core': 3.5.30
      '@vue/shared': 3.5.30
      csstype: 3.2.3

  '@vue/server-renderer@3.5.30(vue@3.5.30(typescript@5.9.3))':
    dependencies:
      '@vue/compiler-ssr': 3.5.30
      '@vue/shared': 3.5.30
      vue: 3.5.30(typescript@5.9.3)

  '@vue/shared@3.5.30': {}

  alien-signals@1.0.13: {}

  array-union@2.1.0: {}

  async@3.2.6: {}

  balanced-match@1.0.2: {}

  brace-expansion@2.0.2:
    dependencies:
      balanced-match: 1.0.2

  braces@3.0.3:
    dependencies:
      fill-range: 7.1.1

  commander@13.1.0: {}

  commondir@1.0.1: {}

  csstype@3.2.3: {}

  de-indent@1.0.2: {}

  dir-glob@3.0.1:
    dependencies:
      path-type: 4.0.0

  email-addresses@5.0.0: {}

  entities@7.0.1: {}

  esbuild@0.21.5:
    optionalDependencies:
      '@esbuild/aix-ppc64': 0.21.5
      '@esbuild/android-arm': 0.21.5
      '@esbuild/android-arm64': 0.21.5
      '@esbuild/android-x64': 0.21.5
      '@esbuild/darwin-arm64': 0.21.5
      '@esbuild/darwin-x64': 0.21.5
      '@esbuild/freebsd-arm64': 0.21.5
      '@esbuild/freebsd-x64': 0.21.5
      '@esbuild/linux-arm': 0.21.5
      '@esbuild/linux-arm64': 0.21.5
      '@esbuild/linux-ia32': 0.21.5
      '@esbuild/linux-loong64': 0.21.5
      '@esbuild/linux-mips64el': 0.21.5
      '@esbuild/linux-ppc64': 0.21.5
      '@esbuild/linux-riscv64': 0.21.5
      '@esbuild/linux-s390x': 0.21.5
      '@esbuild/linux-x64': 0.21.5
      '@esbuild/netbsd-x64': 0.21.5
      '@esbuild/openbsd-x64': 0.21.5
      '@esbuild/sunos-x64': 0.21.5
      '@esbuild/win32-arm64': 0.21.5
      '@esbuild/win32-ia32': 0.21.5
      '@esbuild/win32-x64': 0.21.5

  escape-string-regexp@1.0.5: {}

  estree-walker@2.0.2: {}

  fast-glob@3.3.3:
    dependencies:
      '@nodelib/fs.stat': 2.0.5
      '@nodelib/fs.walk': 1.2.8
      glob-parent: 5.1.2
      merge2: 1.4.1
      micromatch: 4.0.8

  fastq@1.20.1:
    dependencies:
      reusify: 1.1.0

  filename-reserved-regex@2.0.0: {}

  filenamify@4.3.0:
    dependencies:
      filename-reserved-regex: 2.0.0
      strip-outer: 1.0.1
      trim-repeated: 1.0.0

  fill-range@7.1.1:
    dependencies:
      to-regex-range: 5.0.1

  find-cache-dir@3.3.2:
    dependencies:
      commondir: 1.0.1
      make-dir: 3.1.0
      pkg-dir: 4.2.0

  find-up@4.1.0:
    dependencies:
      locate-path: 5.0.0
      path-exists: 4.0.0

  fs-extra@11.3.4:
    dependencies:
      graceful-fs: 4.2.11
      jsonfile: 6.2.0
      universalify: 2.0.1

  fsevents@2.3.3:
    optional: true

  gh-pages@6.3.0:
    dependencies:
      async: 3.2.6
      commander: 13.1.0
      email-addresses: 5.0.0
      filenamify: 4.3.0
      find-cache-dir: 3.3.2
      fs-extra: 11.3.4
      globby: 11.1.0

  glob-parent@5.1.2:
    dependencies:
      is-glob: 4.0.3

  globby@11.1.0:
    dependencies:
      array-union: 2.1.0
      dir-glob: 3.0.1
      fast-glob: 3.3.3
      ignore: 5.3.2
      merge2: 1.4.1
      slash: 3.0.0

  graceful-fs@4.2.11: {}

  he@1.2.0: {}

  ignore@5.3.2: {}

  is-extglob@2.1.1: {}

  is-glob@4.0.3:
    dependencies:
      is-extglob: 2.1.1

  is-number@7.0.0: {}

  jsonfile@6.2.0:
    dependencies:
      universalify: 2.0.1
    optionalDependencies:
      graceful-fs: 4.2.11

  locate-path@5.0.0:
    dependencies:
      p-locate: 4.1.0

  magic-string@0.30.21:
    dependencies:
      '@jridgewell/sourcemap-codec': 1.5.5

  make-dir@3.1.0:
    dependencies:
      semver: 6.3.1

  merge2@1.4.1: {}

  micromatch@4.0.8:
    dependencies:
      braces: 3.0.3
      picomatch: 2.3.1

  minimatch@9.0.9:
    dependencies:
      brace-expansion: 2.0.2

  muggle-string@0.4.1: {}

  nanoid@3.3.11: {}

  p-limit@2.3.0:
    dependencies:
      p-try: 2.2.0

  p-locate@4.1.0:
    dependencies:
      p-limit: 2.3.0

  p-try@2.2.0: {}

  path-browserify@1.0.1: {}

  path-exists@4.0.0: {}

  path-type@4.0.0: {}

  picocolors@1.1.1: {}

  picomatch@2.3.1: {}

  pkg-dir@4.2.0:
    dependencies:
      find-up: 4.1.0

  postcss@8.5.8:
    dependencies:
      nanoid: 3.3.11
      picocolors: 1.1.1
      source-map-js: 1.2.1

  queue-microtask@1.2.3: {}

  reusify@1.1.0: {}

  rollup@4.59.0:
    dependencies:
      '@types/estree': 1.0.8
    optionalDependencies:
      '@rollup/rollup-android-arm-eabi': 4.59.0
      '@rollup/rollup-android-arm64': 4.59.0
      '@rollup/rollup-darwin-arm64': 4.59.0
      '@rollup/rollup-darwin-x64': 4.59.0
      '@rollup/rollup-freebsd-arm64': 4.59.0
      '@rollup/rollup-freebsd-x64': 4.59.0
      '@rollup/rollup-linux-arm-gnueabihf': 4.59.0
      '@rollup/rollup-linux-arm-musleabihf': 4.59.0
      '@rollup/rollup-linux-arm64-gnu': 4.59.0
      '@rollup/rollup-linux-arm64-musl': 4.59.0
      '@rollup/rollup-linux-loong64-gnu': 4.59.0
      '@rollup/rollup-linux-loong64-musl': 4.59.0
      '@rollup/rollup-linux-ppc64-gnu': 4.59.0
      '@rollup/rollup-linux-ppc64-musl': 4.59.0
      '@rollup/rollup-linux-riscv64-gnu': 4.59.0
      '@rollup/rollup-linux-riscv64-musl': 4.59.0
      '@rollup/rollup-linux-s390x-gnu': 4.59.0
      '@rollup/rollup-linux-x64-gnu': 4.59.0
      '@rollup/rollup-linux-x64-musl': 4.59.0
      '@rollup/rollup-openbsd-x64': 4.59.0
      '@rollup/rollup-openharmony-arm64': 4.59.0
      '@rollup/rollup-win32-arm64-msvc': 4.59.0
      '@rollup/rollup-win32-ia32-msvc': 4.59.0
      '@rollup/rollup-win32-x64-gnu': 4.59.0
      '@rollup/rollup-win32-x64-msvc': 4.59.0
      fsevents: 2.3.3

  run-parallel@1.2.0:
    dependencies:
      queue-microtask: 1.2.3

  semver@6.3.1: {}

  slash@3.0.0: {}

  source-map-js@1.2.1: {}

  strip-outer@1.0.1:
    dependencies:
      escape-string-regexp: 1.0.5

  to-regex-range@5.0.1:
    dependencies:
      is-number: 7.0.0

  trim-repeated@1.0.0:
    dependencies:
      escape-string-regexp: 1.0.5

  typescript@5.9.3: {}

  universalify@2.0.1: {}

  vite@5.4.21:
    dependencies:
      esbuild: 0.21.5
      postcss: 8.5.8
      rollup: 4.59.0
    optionalDependencies:
      fsevents: 2.3.3

  vscode-uri@3.1.0: {}

  vue-tsc@2.2.12(typescript@5.9.3):
    dependencies:
      '@volar/typescript': 2.4.15
      '@vue/language-core': 2.2.12(typescript@5.9.3)
      typescript: 5.9.3

  vue@3.5.30(typescript@5.9.3):
    dependencies:
      '@vue/compiler-dom': 3.5.30
      '@vue/compiler-sfc': 3.5.30
      '@vue/runtime-dom': 3.5.30
      '@vue/server-renderer': 3.5.30(vue@3.5.30(typescript@5.9.3))
      '@vue/shared': 3.5.30
    optionalDependencies:
      typescript: 5.9.3
